// !$*UTF8*$!
{
	archiveVersion = 1;
	classes = {
	};
	objectVersion = 56;
	objects = {

/* Begin PBXBuildFile section */
		711C8C5629F914EC00B2C77C /* NewsHeaderView.swift in Sources */ = {isa = PBXBuildFile; fileRef = 711C8C5529F914EC00B2C77C /* NewsHeaderView.swift */; };
		711C8C5829F936CD00B2C77C /* NewsStory.swift in Sources */ = {isa = PBXBuildFile; fileRef = 711C8C5729F936CD00B2C77C /* NewsStory.swift */; };
		713755B829F6726D00A8E590 /* AppDelegate.swift in Sources */ = {isa = PBXBuildFile; fileRef = 713755B729F6726D00A8E590 /* AppDelegate.swift */; };
		713755BA29F6726D00A8E590 /* SceneDelegate.swift in Sources */ = {isa = PBXBuildFile; fileRef = 713755B929F6726D00A8E590 /* SceneDelegate.swift */; };
		713755BC29F6726D00A8E590 /* WatchListViewController.swift in Sources */ = {isa = PBXBuildFile; fileRef = 713755BB29F6726D00A8E590 /* WatchListViewController.swift */; };
		713755C129F6726E00A8E590 /* Assets.xcassets in Resources */ = {isa = PBXBuildFile; fileRef = 713755C029F6726E00A8E590 /* Assets.xcassets */; };
		713755C429F6726E00A8E590 /* LaunchScreen.storyboard in Resources */ = {isa = PBXBuildFile; fileRef = 713755C229F6726E00A8E590 /* LaunchScreen.storyboard */; };
		713755D129F673B800A8E590 /* NewsViewController.swift in Sources */ = {isa = PBXBuildFile; fileRef = 713755D029F673B800A8E590 /* NewsViewController.swift */; };
		713755D329F673D400A8E590 /* SearchResultsViewController.swift in Sources */ = {isa = PBXBuildFile; fileRef = 713755D229F673D400A8E590 /* SearchResultsViewController.swift */; };
		713755D529F673E500A8E590 /* StockDetailsViewController.swift in Sources */ = {isa = PBXBuildFile; fileRef = 713755D429F673E500A8E590 /* StockDetailsViewController.swift */; };
		713755D729F675C800A8E590 /* APICaller.swift in Sources */ = {isa = PBXBuildFile; fileRef = 713755D629F675C800A8E590 /* APICaller.swift */; };
		713755D929F675E800A8E590 /* PersistenceManager.swift in Sources */ = {isa = PBXBuildFile; fileRef = 713755D829F675E800A8E590 /* PersistenceManager.swift */; };
		713755DB29F675FB00A8E590 /* HapticsManager.swift in Sources */ = {isa = PBXBuildFile; fileRef = 713755DA29F675FB00A8E590 /* HapticsManager.swift */; };
		713755DD29F68AB300A8E590 /* Extensions.swift in Sources */ = {isa = PBXBuildFile; fileRef = 713755DC29F68AB300A8E590 /* Extensions.swift */; };
		713755DF29F6910300A8E590 /* SearchResultTableViewCell.swift in Sources */ = {isa = PBXBuildFile; fileRef = 713755DE29F6910300A8E590 /* SearchResultTableViewCell.swift */; };
		71952C2729F97A0600538D77 /* NewsStoryTableViewCell.swift in Sources */ = {isa = PBXBuildFile; fileRef = 71952C2629F97A0600538D77 /* NewsStoryTableViewCell.swift */; };
		71CF338229F6EA5F00A7B79F /* SearchResponse.swift in Sources */ = {isa = PBXBuildFile; fileRef = 71CF338129F6EA5F00A7B79F /* SearchResponse.swift */; };
		71EB2FF029FA5C6E00E5D18D /* MarketDataResponse.swift in Sources */ = {isa = PBXBuildFile; fileRef = 71EB2FEF29FA5C6E00E5D18D /* MarketDataResponse.swift */; };
		71EB2FF229FA651100E5D18D /* WatchListTableViewCell.swift in Sources */ = {isa = PBXBuildFile; fileRef = 71EB2FF129FA651100E5D18D /* WatchListTableViewCell.swift */; };
		71EB2FF429FA664F00E5D18D /* StockChartView.swift in Sources */ = {isa = PBXBuildFile; fileRef = 71EB2FF329FA664F00E5D18D /* StockChartView.swift */; };
		DCF11099F5BA77BEDBD450FB /* Pods_Stocks.framework in Frameworks */ = {isa = PBXBuildFile; fileRef = 18C0FA60738FDFE5DB486298 /* Pods_Stocks.framework */; };
/* End PBXBuildFile section */

/* Begin PBXFileReference section */
		18C0FA60738FDFE5DB486298 /* Pods_Stocks.framework */ = {isa = PBXFileReference; explicitFileType = wrapper.framework; includeInIndex = 0; path = Pods_Stocks.framework; sourceTree = BUILT_PRODUCTS_DIR; };
		6531E72F71B825631E7368DE /* Pods-Stocks.release.xcconfig */ = {isa = PBXFileReference; includeInIndex = 1; lastKnownFileType = text.xcconfig; name = "Pods-Stocks.release.xcconfig"; path = "Target Support Files/Pods-Stocks/Pods-Stocks.release.xcconfig"; sourceTree = "<group>"; };
		711C8C5529F914EC00B2C77C /* NewsHeaderView.swift */ = {isa = PBXFileReference; lastKnownFileType = sourcecode.swift; path = NewsHeaderView.swift; sourceTree = "<group>"; };
		711C8C5729F936CD00B2C77C /* NewsStory.swift */ = {isa = PBXFileReference; lastKnownFileType = sourcecode.swift; path = NewsStory.swift; sourceTree = "<group>"; };
		713755B429F6726D00A8E590 /* Stocks.app */ = {isa = PBXFileReference; explicitFileType = wrapper.application; includeInIndex = 0; path = Stocks.app; sourceTree = BUILT_PRODUCTS_DIR; };
		713755B729F6726D00A8E590 /* AppDelegate.swift */ = {isa = PBXFileReference; lastKnownFileType = sourcecode.swift; path = AppDelegate.swift; sourceTree = "<group>"; };
		713755B929F6726D00A8E590 /* SceneDelegate.swift */ = {isa = PBXFileReference; lastKnownFileType = sourcecode.swift; path = SceneDelegate.swift; sourceTree = "<group>"; };
		713755BB29F6726D00A8E590 /* WatchListViewController.swift */ = {isa = PBXFileReference; lastKnownFileType = sourcecode.swift; path = WatchListViewController.swift; sourceTree = "<group>"; };
		713755C029F6726E00A8E590 /* Assets.xcassets */ = {isa = PBXFileReference; lastKnownFileType = folder.assetcatalog; path = Assets.xcassets; sourceTree = "<group>"; };
		713755C329F6726E00A8E590 /* Base */ = {isa = PBXFileReference; lastKnownFileType = file.storyboard; name = Base; path = Base.lproj/LaunchScreen.storyboard; sourceTree = "<group>"; };
		713755C529F6726E00A8E590 /* Info.plist */ = {isa = PBXFileReference; lastKnownFileType = text.plist.xml; path = Info.plist; sourceTree = "<group>"; };
		713755D029F673B800A8E590 /* NewsViewController.swift */ = {isa = PBXFileReference; lastKnownFileType = sourcecode.swift; path = NewsViewController.swift; sourceTree = "<group>"; };
		713755D229F673D400A8E590 /* SearchResultsViewController.swift */ = {isa = PBXFileReference; lastKnownFileType = sourcecode.swift; path = SearchResultsViewController.swift; sourceTree = "<group>"; };
		713755D429F673E500A8E590 /* StockDetailsViewController.swift */ = {isa = PBXFileReference; lastKnownFileType = sourcecode.swift; path = StockDetailsViewController.swift; sourceTree = "<group>"; };
		713755D629F675C800A8E590 /* APICaller.swift */ = {isa = PBXFileReference; lastKnownFileType = sourcecode.swift; path = APICaller.swift; sourceTree = "<group>"; };
		713755D829F675E800A8E590 /* PersistenceManager.swift */ = {isa = PBXFileReference; lastKnownFileType = sourcecode.swift; path = PersistenceManager.swift; sourceTree = "<group>"; };
		713755DA29F675FB00A8E590 /* HapticsManager.swift */ = {isa = PBXFileReference; lastKnownFileType = sourcecode.swift; path = HapticsManager.swift; sourceTree = "<group>"; };
		713755DC29F68AB300A8E590 /* Extensions.swift */ = {isa = PBXFileReference; lastKnownFileType = sourcecode.swift; path = Extensions.swift; sourceTree = "<group>"; };
		713755DE29F6910300A8E590 /* SearchResultTableViewCell.swift */ = {isa = PBXFileReference; lastKnownFileType = sourcecode.swift; path = SearchResultTableViewCell.swift; sourceTree = "<group>"; };
		71952C2629F97A0600538D77 /* NewsStoryTableViewCell.swift */ = {isa = PBXFileReference; lastKnownFileType = sourcecode.swift; path = NewsStoryTableViewCell.swift; sourceTree = "<group>"; };
		71CF338129F6EA5F00A7B79F /* SearchResponse.swift */ = {isa = PBXFileReference; lastKnownFileType = sourcecode.swift; path = SearchResponse.swift; sourceTree = "<group>"; };
		71EB2FEF29FA5C6E00E5D18D /* MarketDataResponse.swift */ = {isa = PBXFileReference; lastKnownFileType = sourcecode.swift; path = MarketDataResponse.swift; sourceTree = "<group>"; };
		71EB2FF129FA651100E5D18D /* WatchListTableViewCell.swift */ = {isa = PBXFileReference; lastKnownFileType = sourcecode.swift; path = WatchListTableViewCell.swift; sourceTree = "<group>"; };
		71EB2FF329FA664F00E5D18D /* StockChartView.swift */ = {isa = PBXFileReference; lastKnownFileType = sourcecode.swift; path = StockChartView.swift; sourceTree = "<group>"; };
		BF0E0FBCE5C1102D672256C7 /* Pods-Stocks.debug.xcconfig */ = {isa = PBXFileReference; includeInIndex = 1; lastKnownFileType = text.xcconfig; name = "Pods-Stocks.debug.xcconfig"; path = "Target Support Files/Pods-Stocks/Pods-Stocks.debug.xcconfig"; sourceTree = "<group>"; };
/* End PBXFileReference section */

/* Begin PBXFrameworksBuildPhase section */
		713755B129F6726D00A8E590 /* Frameworks */ = {
			isa = PBXFrameworksBuildPhase;
			buildActionMask = 2147483647;
			files = (
				DCF11099F5BA77BEDBD450FB /* Pods_Stocks.framework in Frameworks */,
			);
			runOnlyForDeploymentPostprocessing = 0;
		};
/* End PBXFrameworksBuildPhase section */

/* Begin PBXGroup section */
		2D8E8C39F1DA18025F67BF47 /* Pods */ = {
			isa = PBXGroup;
			children = (
				BF0E0FBCE5C1102D672256C7 /* Pods-Stocks.debug.xcconfig */,
				6531E72F71B825631E7368DE /* Pods-Stocks.release.xcconfig */,
			);
			path = Pods;
			sourceTree = "<group>";
		};
		692B703850BEF674AFA34292 /* Frameworks */ = {
			isa = PBXGroup;
			children = (
				18C0FA60738FDFE5DB486298 /* Pods_Stocks.framework */,
			);
			name = Frameworks;
			sourceTree = "<group>";
		};
		713755AB29F6726D00A8E590 = {
			isa = PBXGroup;
			children = (
				713755B629F6726D00A8E590 /* Stocks */,
				713755B529F6726D00A8E590 /* Products */,
				2D8E8C39F1DA18025F67BF47 /* Pods */,
				692B703850BEF674AFA34292 /* Frameworks */,
			);
			sourceTree = "<group>";
		};
		713755B529F6726D00A8E590 /* Products */ = {
			isa = PBXGroup;
			children = (
				713755B429F6726D00A8E590 /* Stocks.app */,
			);
			name = Products;
			sourceTree = "<group>";
		};
		713755B629F6726D00A8E590 /* Stocks */ = {
			isa = PBXGroup;
			children = (
				713755CF29F672EE00A8E590 /* Other */,
				713755CE29F672E500A8E590 /* Managers */,
				713755CD29F672D600A8E590 /* Controllers */,
				713755CC29F672CB00A8E590 /* Views */,
				713755CB29F672C300A8E590 /* Models */,
				713755C529F6726E00A8E590 /* Info.plist */,
			);
			path = Stocks;
			sourceTree = "<group>";
		};
		713755CB29F672C300A8E590 /* Models */ = {
			isa = PBXGroup;
			children = (
				71CF338129F6EA5F00A7B79F /* SearchResponse.swift */,
				711C8C5729F936CD00B2C77C /* NewsStory.swift */,
				71EB2FEF29FA5C6E00E5D18D /* MarketDataResponse.swift */,
			);
			path = Models;
			sourceTree = "<group>";
		};
		713755CC29F672CB00A8E590 /* Views */ = {
			isa = PBXGroup;
			children = (
				713755C229F6726E00A8E590 /* LaunchScreen.storyboard */,
				713755DE29F6910300A8E590 /* SearchResultTableViewCell.swift */,
				711C8C5529F914EC00B2C77C /* NewsHeaderView.swift */,
				71952C2629F97A0600538D77 /* NewsStoryTableViewCell.swift */,
				71EB2FF129FA651100E5D18D /* WatchListTableViewCell.swift */,
				71EB2FF329FA664F00E5D18D /* StockChartView.swift */,
			);
			path = Views;
			sourceTree = "<group>";
		};
		713755CD29F672D600A8E590 /* Controllers */ = {
			isa = PBXGroup;
			children = (
				713755BB29F6726D00A8E590 /* WatchListViewController.swift */,
				713755D029F673B800A8E590 /* NewsViewController.swift */,
				713755D229F673D400A8E590 /* SearchResultsViewController.swift */,
				713755D429F673E500A8E590 /* StockDetailsViewController.swift */,
			);
			path = Controllers;
			sourceTree = "<group>";
		};
		713755CE29F672E500A8E590 /* Managers */ = {
			isa = PBXGroup;
			children = (
				713755D629F675C800A8E590 /* APICaller.swift */,
				713755D829F675E800A8E590 /* PersistenceManager.swift */,
				713755DA29F675FB00A8E590 /* HapticsManager.swift */,
			);
			path = Managers;
			sourceTree = "<group>";
		};
		713755CF29F672EE00A8E590 /* Other */ = {
			isa = PBXGroup;
			children = (
				713755C029F6726E00A8E590 /* Assets.xcassets */,
				713755B729F6726D00A8E590 /* AppDelegate.swift */,
				713755B929F6726D00A8E590 /* SceneDelegate.swift */,
				713755DC29F68AB300A8E590 /* Extensions.swift */,
			);
			path = Other;
			sourceTree = "<group>";
		};
/* End PBXGroup section */

/* Begin PBXNativeTarget section */
		713755B329F6726D00A8E590 /* Stocks */ = {
			isa = PBXNativeTarget;
			buildConfigurationList = 713755C829F6726E00A8E590 /* Build configuration list for PBXNativeTarget "Stocks" */;
			buildPhases = (
				E66084732460F406B8E090E5 /* [CP] Check Pods Manifest.lock */,
				713755B029F6726D00A8E590 /* Sources */,
				713755B129F6726D00A8E590 /* Frameworks */,
				713755B229F6726D00A8E590 /* Resources */,
				6A255F52B563C181C3DE5CAA /* [CP] Embed Pods Frameworks */,
			);
			buildRules = (
			);
			dependencies = (
			);
			name = Stocks;
			productName = Stocks;
			productReference = 713755B429F6726D00A8E590 /* Stocks.app */;
			productType = "com.apple.product-type.application";
		};
/* End PBXNativeTarget section */

/* Begin PBXProject section */
		713755AC29F6726D00A8E590 /* Project object */ = {
			isa = PBXProject;
			attributes = {
				BuildIndependentTargetsInParallel = 1;
				LastSwiftUpdateCheck = 1420;
				LastUpgradeCheck = 1420;
				TargetAttributes = {
					713755B329F6726D00A8E590 = {
						CreatedOnToolsVersion = 14.2;
					};
				};
			};
			buildConfigurationList = 713755AF29F6726D00A8E590 /* Build configuration list for PBXProject "Stocks" */;
			compatibilityVersion = "Xcode 14.0";
			developmentRegion = en;
			hasScannedForEncodings = 0;
			knownRegions = (
				en,
				Base,
			);
			mainGroup = 713755AB29F6726D00A8E590;
			productRefGroup = 713755B529F6726D00A8E590 /* Products */;
			projectDirPath = "";
			projectRoot = "";
			targets = (
				713755B329F6726D00A8E590 /* Stocks */,
			);
		};
/* End PBXProject section */

/* Begin PBXResourcesBuildPhase section */
		713755B229F6726D00A8E590 /* Resources */ = {
			isa = PBXResourcesBuildPhase;
			buildActionMask = 2147483647;
			files = (
				713755C429F6726E00A8E590 /* LaunchScreen.storyboard in Resources */,
				713755C129F6726E00A8E590 /* Assets.xcassets in Resources */,
			);
			runOnlyForDeploymentPostprocessing = 0;
		};
/* End PBXResourcesBuildPhase section */

/* Begin PBXShellScriptBuildPhase section */
		6A255F52B563C181C3DE5CAA /* [CP] Embed Pods Frameworks */ = {
			isa = PBXShellScriptBuildPhase;
			buildActionMask = 2147483647;
			files = (
			);
			inputFileListPaths = (
				"${PODS_ROOT}/Target Support Files/Pods-Stocks/Pods-Stocks-frameworks-${CONFIGURATION}-input-files.xcfilelist",
			);
			name = "[CP] Embed Pods Frameworks";
			outputFileListPaths = (
				"${PODS_ROOT}/Target Support Files/Pods-Stocks/Pods-Stocks-frameworks-${CONFIGURATION}-output-files.xcfilelist",
			);
			runOnlyForDeploymentPostprocessing = 0;
			shellPath = /bin/sh;
			shellScript = "\"${PODS_ROOT}/Target Support Files/Pods-Stocks/Pods-Stocks-frameworks.sh\"\n";
			showEnvVarsInLog = 0;
		};
		E66084732460F406B8E090E5 /* [CP] Check Pods Manifest.lock */ = {
			isa = PBXShellScriptBuildPhase;
			buildActionMask = 2147483647;
			files = (
			);
			inputFileListPaths = (
			);
			inputPaths = (
				"${PODS_PODFILE_DIR_PATH}/Podfile.lock",
				"${PODS_ROOT}/Manifest.lock",
			);
			name = "[CP] Check Pods Manifest.lock";
			outputFileListPaths = (
			);
			outputPaths = (
				"$(DERIVED_FILE_DIR)/Pods-Stocks-checkManifestLockResult.txt",
			);
			runOnlyForDeploymentPostprocessing = 0;
			shellPath = /bin/sh;
			shellScript = "diff \"${PODS_PODFILE_DIR_PATH}/Podfile.lock\" \"${PODS_ROOT}/Manifest.lock\" > /dev/null\nif [ $? != 0 ] ; then\n    # print error to STDERR\n    echo \"error: The sandbox is not in sync with the Podfile.lock. Run 'pod install' or update your CocoaPods installation.\" >&2\n    exit 1\nfi\n# This output is used by Xcode 'outputs' to avoid re-running this script phase.\necho \"SUCCESS\" > \"${SCRIPT_OUTPUT_FILE_0}\"\n";
			showEnvVarsInLog = 0;
		};
/* End PBXShellScriptBuildPhase section */

/* Begin PBXSourcesBuildPhase section */
		713755B029F6726D00A8E590 /* Sources */ = {
			isa = PBXSourcesBuildPhase;
			buildActionMask = 2147483647;
			files = (
				71EB2FF029FA5C6E00E5D18D /* MarketDataResponse.swift in Sources */,
				713755D529F673E500A8E590 /* StockDetailsViewController.swift in Sources */,
				713755DF29F6910300A8E590 /* SearchResultTableViewCell.swift in Sources */,
				713755BC29F6726D00A8E590 /* WatchListViewController.swift in Sources */,
				713755D129F673B800A8E590 /* NewsViewController.swift in Sources */,
				713755D929F675E800A8E590 /* PersistenceManager.swift in Sources */,
				713755D729F675C800A8E590 /* APICaller.swift in Sources */,
				711C8C5829F936CD00B2C77C /* NewsStory.swift in Sources */,
				713755DD29F68AB300A8E590 /* Extensions.swift in Sources */,
				71952C2729F97A0600538D77 /* NewsStoryTableViewCell.swift in Sources */,
				71EB2FF429FA664F00E5D18D /* StockChartView.swift in Sources */,
				713755B829F6726D00A8E590 /* AppDelegate.swift in Sources */,
				71CF338229F6EA5F00A7B79F /* SearchResponse.swift in Sources */,
				711C8C5629F914EC00B2C77C /* NewsHeaderView.swift in Sources */,
				713755BA29F6726D00A8E590 /* SceneDelegate.swift in Sources */,
				713755D329F673D400A8E590 /* SearchResultsViewController.swift in Sources */,
				71EB2FF229FA651100E5D18D /* WatchListTableViewCell.swift in Sources */,
				713755DB29F675FB00A8E590 /* HapticsManager.swift in Sources */,
			);
			runOnlyForDeploymentPostprocessing = 0;
		};
/* End PBXSourcesBuildPhase section */

/* Begin PBXVariantGroup section */
		713755C229F6726E00A8E590 /* LaunchScreen.storyboard */ = {
			isa = PBXVariantGroup;
			children = (
				713755C329F6726E00A8E590 /* Base */,
			);
			name = LaunchScreen.storyboard;
			sourceTree = "<group>";
		};
/* End PBXVariantGroup section */

/* Begin XCBuildConfiguration section */
		713755C629F6726E00A8E590 /* Debug */ = {
			isa = XCBuildConfiguration;
			buildSettings = {
				ALWAYS_SEARCH_USER_PATHS = NO;
				CLANG_ANALYZER_NONNULL = YES;
				CLANG_ANALYZER_NUMBER_OBJECT_CONVERSION = YES_AGGRESSIVE;
				CLANG_CXX_LANGUAGE_STANDARD = "gnu++20";
				CLANG_ENABLE_MODULES = YES;
				CLANG_ENABLE_OBJC_ARC = YES;
				CLANG_ENABLE_OBJC_WEAK = YES;
				CLANG_WARN_BLOCK_CAPTURE_AUTORELEASING = YES;
				CLANG_WARN_BOOL_CONVERSION = YES;
				CLANG_WARN_COMMA = YES;
				CLANG_WARN_CONSTANT_CONVERSION = YES;
				CLANG_WARN_DEPRECATED_OBJC_IMPLEMENTATIONS = YES;
				CLANG_WARN_DIRECT_OBJC_ISA_USAGE = YES_ERROR;
				CLANG_WARN_DOCUMENTATION_COMMENTS = YES;
				CLANG_WARN_EMPTY_BODY = YES;
				CLANG_WARN_ENUM_CONVERSION = YES;
				CLANG_WARN_INFINITE_RECURSION = YES;
				CLANG_WARN_INT_CONVERSION = YES;
				CLANG_WARN_NON_LITERAL_NULL_CONVERSION = YES;
				CLANG_WARN_OBJC_IMPLICIT_RETAIN_SELF = YES;
				CLANG_WARN_OBJC_LITERAL_CONVERSION = YES;
				CLANG_WARN_OBJC_ROOT_CLASS = YES_ERROR;
				CLANG_WARN_QUOTED_INCLUDE_IN_FRAMEWORK_HEADER = YES;
				CLANG_WARN_RANGE_LOOP_ANALYSIS = YES;
				CLANG_WARN_STRICT_PROTOTYPES = YES;
				CLANG_WARN_SUSPICIOUS_MOVE = YES;
				CLANG_WARN_UNGUARDED_AVAILABILITY = YES_AGGRESSIVE;
				CLANG_WARN_UNREACHABLE_CODE = YES;
				CLANG_WARN__DUPLICATE_METHOD_MATCH = YES;
				COPY_PHASE_STRIP = NO;
				DEBUG_INFORMATION_FORMAT = dwarf;
				ENABLE_STRICT_OBJC_MSGSEND = YES;
				ENABLE_TESTABILITY = YES;
				GCC_C_LANGUAGE_STANDARD = gnu11;
				GCC_DYNAMIC_NO_PIC = NO;
				GCC_NO_COMMON_BLOCKS = YES;
				GCC_OPTIMIZATION_LEVEL = 0;
				GCC_PREPROCESSOR_DEFINITIONS = (
					"DEBUG=1",
					"$(inherited)",
				);
				GCC_WARN_64_TO_32_BIT_CONVERSION = YES;
				GCC_WARN_ABOUT_RETURN_TYPE = YES_ERROR;
				GCC_WARN_UNDECLARED_SELECTOR = YES;
				GCC_WARN_UNINITIALIZED_AUTOS = YES_AGGRESSIVE;
				GCC_WARN_UNUSED_FUNCTION = YES;
				GCC_WARN_UNUSED_VARIABLE = YES;
				IPHONEOS_DEPLOYMENT_TARGET = 16.2;
				MTL_ENABLE_DEBUG_INFO = INCLUDE_SOURCE;
				MTL_FAST_MATH = YES;
				ONLY_ACTIVE_ARCH = YES;
				SDKROOT = iphoneos;
				SWIFT_ACTIVE_COMPILATION_CONDITIONS = DEBUG;
				SWIFT_OPTIMIZATION_LEVEL = "-Onone";
			};
			name = Debug;
		};
		713755C729F6726E00A8E590 /* Release */ = {
			isa = XCBuildConfiguration;
			buildSettings = {
				ALWAYS_SEARCH_USER_PATHS = NO;
				CLANG_ANALYZER_NONNULL = YES;
				CLANG_ANALYZER_NUMBER_OBJECT_CONVERSION = YES_AGGRESSIVE;
				CLANG_CXX_LANGUAGE_STANDARD = "gnu++20";
				CLANG_ENABLE_MODULES = YES;
				CLANG_ENABLE_OBJC_ARC = YES;
				CLANG_ENABLE_OBJC_WEAK = YES;
				CLANG_WARN_BLOCK_CAPTURE_AUTORELEASING = YES;
				CLANG_WARN_BOOL_CONVERSION = YES;
				CLANG_WARN_COMMA = YES;
				CLANG_WARN_CONSTANT_CONVERSION = YES;
				CLANG_WARN_DEPRECATED_OBJC_IMPLEMENTATIONS = YES;
				CLANG_WARN_DIRECT_OBJC_ISA_USAGE = YES_ERROR;
				CLANG_WARN_DOCUMENTATION_COMMENTS = YES;
				CLANG_WARN_EMPTY_BODY = YES;
				CLANG_WARN_ENUM_CONVERSION = YES;
				CLANG_WARN_INFINITE_RECURSION = YES;
				CLANG_WARN_INT_CONVERSION = YES;
				CLANG_WARN_NON_LITERAL_NULL_CONVERSION = YES;
				CLANG_WARN_OBJC_IMPLICIT_RETAIN_SELF = YES;
				CLANG_WARN_OBJC_LITERAL_CONVERSION = YES;
				CLANG_WARN_OBJC_ROOT_CLASS = YES_ERROR;
				CLANG_WARN_QUOTED_INCLUDE_IN_FRAMEWORK_HEADER = YES;
				CLANG_WARN_RANGE_LOOP_ANALYSIS = YES;
				CLANG_WARN_STRICT_PROTOTYPES = YES;
				CLANG_WARN_SUSPICIOUS_MOVE = YES;
				CLANG_WARN_UNGUARDED_AVAILABILITY = YES_AGGRESSIVE;
				CLANG_WARN_UNREACHABLE_CODE = YES;
				CLANG_WARN__DUPLICATE_METHOD_MATCH = YES;
				COPY_PHASE_STRIP = NO;
				DEBUG_INFORMATION_FORMAT = "dwarf-with-dsym";
				ENABLE_NS_ASSERTIONS = NO;
				ENABLE_STRICT_OBJC_MSGSEND = YES;
				GCC_C_LANGUAGE_STANDARD = gnu11;
				GCC_NO_COMMON_BLOCKS = YES;
				GCC_WARN_64_TO_32_BIT_CONVERSION = YES;
				GCC_WARN_ABOUT_RETURN_TYPE = YES_ERROR;
				GCC_WARN_UNDECLARED_SELECTOR = YES;
				GCC_WARN_UNINITIALIZED_AUTOS = YES_AGGRESSIVE;
				GCC_WARN_UNUSED_FUNCTION = YES;
				GCC_WARN_UNUSED_VARIABLE = YES;
				IPHONEOS_DEPLOYMENT_TARGET = 16.2;
				MTL_ENABLE_DEBUG_INFO = NO;
				MTL_FAST_MATH = YES;
				SDKROOT = iphoneos;
				SWIFT_COMPILATION_MODE = wholemodule;
				SWIFT_OPTIMIZATION_LEVEL = "-O";
				VALIDATE_PRODUCT = YES;
			};
			name = Release;
		};
		713755C929F6726E00A8E590 /* Debug */ = {
			isa = XCBuildConfiguration;
			baseConfigurationReference = BF0E0FBCE5C1102D672256C7 /* Pods-Stocks.debug.xcconfig */;
			buildSettings = {
				ASSETCATALOG_COMPILER_APPICON_NAME = AppIcon;
				ASSETCATALOG_COMPILER_GLOBAL_ACCENT_COLOR_NAME = AccentColor;
				CODE_SIGN_STYLE = Automatic;
				CURRENT_PROJECT_VERSION = 1;
				DEVELOPMENT_TEAM = 67H5XCS6ZN;
				GENERATE_INFOPLIST_FILE = YES;
				INFOPLIST_FILE = Stocks/Info.plist;
				INFOPLIST_KEY_UIApplicationSupportsIndirectInputEvents = YES;
				INFOPLIST_KEY_UILaunchStoryboardName = LaunchScreen;
				INFOPLIST_KEY_UISupportedInterfaceOrientations = UIInterfaceOrientationPortrait;
				INFOPLIST_KEY_UISupportedInterfaceOrientations_iPad = "UIInterfaceOrientationLandscapeLeft UIInterfaceOrientationLandscapeRight UIInterfaceOrientationPortrait UIInterfaceOrientationPortraitUpsideDown";
				IPHONEOS_DEPLOYMENT_TARGET = 13.0;
				LD_RUNPATH_SEARCH_PATHS = (
					"$(inherited)",
					"@executable_path/Frameworks",
				);
				MARKETING_VERSION = 1.0;
				PRODUCT_BUNDLE_IDENTIFIER = com.danilabelyi.Stocks;
				PRODUCT_NAME = "$(TARGET_NAME)";
				SUPPORTED_PLATFORMS = "iphoneos iphonesimulator";
				SUPPORTS_MACCATALYST = NO;
				SUPPORTS_MAC_DESIGNED_FOR_IPHONE_IPAD = NO;
				SWIFT_EMIT_LOC_STRINGS = YES;
				SWIFT_VERSION = 5.0;
				TARGETED_DEVICE_FAMILY = 1;
			};
			name = Debug;
		};
		713755CA29F6726E00A8E590 /* Release */ = {
			isa = XCBuildConfiguration;
			baseConfigurationReference = 6531E72F71B825631E7368DE /* Pods-Stocks.release.xcconfig */;
			buildSettings = {
				ASSETCATALOG_COMPILER_APPICON_NAME = AppIcon;
				ASSETCATALOG_COMPILER_GLOBAL_ACCENT_COLOR_NAME = AccentColor;
				CODE_SIGN_STYLE = Automatic;
				CURRENT_PROJECT_VERSION = 1;
				DEVELOPMENT_TEAM = 67H5XCS6ZN;
				GENERATE_INFOPLIST_FILE = YES;
				INFOPLIST_FILE = Stocks/Info.plist;
				INFOPLIST_KEY_UIApplicationSupportsIndirectInputEvents = YES;
				INFOPLIST_KEY_UILaunchStoryboardName = LaunchScreen;
				INFOPLIST_KEY_UISupportedInterfaceOrientations = UIInterfaceOrientationPortrait;
				INFOPLIST_KEY_UISupportedInterfaceOrientations_iPad = "UIInterfaceOrientationLandscapeLeft UIInterfaceOrientationLandscapeRight UIInterfaceOrientationPortrait UIInterfaceOrientationPortraitUpsideDown";
				IPHONEOS_DEPLOYMENT_TARGET = 13.0;
				LD_RUNPATH_SEARCH_PATHS = (
					"$(inherited)",
					"@executable_path/Frameworks",
				);
				MARKETING_VERSION = 1.0;
				PRODUCT_BUNDLE_IDENTIFIER = com.danilabelyi.Stocks;
				PRODUCT_NAME = "$(TARGET_NAME)";
				SUPPORTED_PLATFORMS = "iphoneos iphonesimulator";
				SUPPORTS_MACCATALYST = NO;
				SUPPORTS_MAC_DESIGNED_FOR_IPHONE_IPAD = NO;
				SWIFT_EMIT_LOC_STRINGS = YES;
				SWIFT_VERSION = 5.0;
				TARGETED_DEVICE_FAMILY = 1;
			};
			name = Release;
		};
/* End XCBuildConfiguration section */

/* Begin XCConfigurationList section */
		713755AF29F6726D00A8E590 /* Build configuration list for PBXProject "Stocks" */ = {
			isa = XCConfigurationList;
			buildConfigurations = (
				713755C629F6726E00A8E590 /* Debug */,
				713755C729F6726E00A8E590 /* Release */,
			);
			defaultConfigurationIsVisible = 0;
			defaultConfigurationName = Release;
		};
		713755C829F6726E00A8E590 /* Build configuration list for PBXNativeTarget "Stocks" */ = {
			isa = XCConfigurationList;
			buildConfigurations = (
				713755C929F6726E00A8E590 /* Debug */,
				713755CA29F6726E00A8E590 /* Release */,
			);
			defaultConfigurationIsVisible = 0;
			defaultConfigurationName = Release;
		};
/* End XCConfigurationList section */
	};
	rootObject = 713755AC29F6726D00A8E590 /* Project object */;
}
